[[package]]
name = "annotated-types"
version = "0.5.0"
description = "Reusable constraint types to use with typing.Annotated"
category = "main"
optional = false
python-versions = ">=3.7"

[[package]]
name = "anyio"
version = "3.7.1"
description = "High level compatibility layer for multiple asynchronous event loop implementations"
category = "main"
optional = true
python-versions = ">=3.7"

[package.dependencies]
exceptiongroup = {version = "*", markers = "python_version < \"3.11\""}
idna = ">=2.8"
sniffio = ">=1.1"

[package.extras]
doc = ["Sphinx", "packaging", "sphinx-autodoc-typehints (>=1.2.0)", "sphinx-rtd-theme (>=1.2.2)", "sphinxcontrib-jquery"]
test = ["anyio[trio]", "coverage[toml] (>=4.5)", "hypothesis (>=4.0)", "mock (>=4)", "psutil (>=5.9)", "pytest (>=7.0)", "pytest-mock (>=3.6.1)", "trustme", "uvloop (>=0.17)"]
trio = ["trio (<0.22)"]

[[package]]
name = "async-timeout"
version = "4.0.2"
description = "Timeout context manager for asyncio programs"
category = "main"
optional = false
python-versions = ">=3.6"

[[package]]
name = "click"
version = "8.1.4"
description = "Composable command line interface toolkit"
category = "main"
optional = false
python-versions = ">=3.7"

[package.dependencies]
colorama = {version = "*", markers = "platform_system == \"Windows\""}

[[package]]
name = "colorama"
version = "0.4.6"
description = "Cross-platform colored terminal text."
category = "main"
optional = false
python-versions = "!=3.0.*,!=3.1.*,!=3.2.*,!=3.3.*,!=3.4.*,!=3.5.*,!=3.6.*,>=2.7"

[[package]]
name = "exceptiongroup"
version = "1.1.2"
description = "Backport of PEP 654 (exception groups)"
category = "main"
optional = true
python-versions = ">=3.7"

[package.extras]
test = ["pytest (>=6)"]

[[package]]
name = "fastapi"
version = "0.100.0"
description = "FastAPI framework, high performance, easy to learn, fast to code, ready for production"
category = "main"
optional = true
python-versions = ">=3.7"

[package.dependencies]
pydantic = ">=1.7.4,<1.8 || >1.8,<1.8.1 || >1.8.1,<2.0.0 || >2.0.0,<2.0.1 || >2.0.1,<3.0.0"
starlette = ">=0.27.0,<0.28.0"
typing-extensions = ">=4.5.0"

[package.extras]
all = ["email-validator (>=2.0.0)", "httpx (>=0.23.0)", "itsdangerous (>=1.1.0)", "jinja2 (>=2.11.2)", "orjson (>=3.2.1)", "pydantic-extra-types (>=2.0.0)", "pydantic-settings (>=2.0.0)", "python-multipart (>=0.0.5)", "pyyaml (>=5.3.1)", "ujson (>=4.0.1,!=4.0.2,!=4.1.0,!=4.2.0,!=4.3.0,!=5.0.0,!=5.1.0)", "uvicorn[standard] (>=0.12.0)"]

[[package]]
name = "h11"
version = "0.14.0"
description = "A pure-Python, bring-your-own-I/O implementation of HTTP/1.1"
category = "main"
optional = true
python-versions = ">=3.7"

[[package]]
name = "idna"
version = "3.4"
description = "Internationalized Domain Names in Applications (IDNA)"
category = "main"
optional = false
python-versions = ">=3.5"

[[package]]
name = "pydantic"
version = "2.0.2"
description = "Data validation using Python type hints"
category = "main"
optional = false
python-versions = ">=3.7"

[package.dependencies]
annotated-types = ">=0.4.0"
pydantic-core = "2.1.2"
typing-extensions = ">=4.6.1"

[package.extras]
email = ["email-validator (>=2.0.0)"]

[[package]]
name = "pydantic-core"
version = "2.1.2"
description = ""
category = "main"
optional = false
python-versions = ">=3.7"

[package.dependencies]
typing-extensions = ">=4.6.0,<4.7.0 || >4.7.0"

[[package]]
name = "pypdf"
version = "3.12.1"
description = "A pure-python PDF library capable of splitting, merging, cropping, and transforming PDF files"
category = "main"
optional = true
python-versions = ">=3.6"

[package.dependencies]
typing_extensions = {version = ">=3.10.0.0", markers = "python_version < \"3.10\""}

[package.extras]
crypto = ["PyCryptodome"]
dev = ["black", "flit", "pip-tools", "pre-commit (<2.18.0)", "pytest-cov", "pytest-socket", "wheel"]
docs = ["myst_parser", "sphinx", "sphinx_rtd_theme"]
full = ["Pillow", "PyCryptodome"]
image = ["Pillow"]

[[package]]
name = "python-multipart"
version = "0.0.6"
description = "A streaming multipart parser for Python"
category = "main"
optional = false
python-versions = ">=3.7"

[package.extras]
dev = ["atomicwrites (==1.2.1)", "attrs (==19.2.0)", "coverage (==6.5.0)", "hatch", "invoke (==1.7.3)", "more-itertools (==4.3.0)", "pbr (==4.3.0)", "pluggy (==1.0.0)", "py (==1.11.0)", "pytest (==7.2.0)", "pytest-cov (==4.0.0)", "pytest-timeout (==2.1.0)", "pyyaml (==5.1)"]

[[package]]
name = "redis"
version = "4.6.0"
description = "Python client for Redis database and key-value store"
category = "main"
optional = false
python-versions = ">=3.7"

[package.dependencies]
async-timeout = {version = ">=4.0.2", markers = "python_full_version <= \"3.11.2\""}

[package.extras]
hiredis = ["hiredis (>=1.0.0)"]
ocsp = ["cryptography (>=36.0.1)", "pyopenssl (==20.0.1)", "requests (>=2.26.0)"]

[[package]]
name = "rq"
version = "1.15.1"
description = "RQ is a simple, lightweight, library for creating background jobs, and processing them."
category = "main"
optional = false
python-versions = ">=3.6"

[package.dependencies]
click = ">=5.0.0"
redis = ">=4.0.0"

[[package]]
name = "sniffio"
version = "1.3.0"
description = "Sniff out which async library your code is running under"
category = "main"
optional = true
python-versions = ">=3.7"

[[package]]
name = "starlette"
version = "0.27.0"
description = "The little ASGI library that shines."
category = "main"
optional = true
python-versions = ">=3.7"

[package.dependencies]
anyio = ">=3.4.0,<5"
typing-extensions = {version = ">=3.10.0", markers = "python_version < \"3.10\""}

[package.extras]
full = ["httpx (>=0.22.0)", "itsdangerous", "jinja2", "python-multipart", "pyyaml"]

[[package]]
name = "typing-extensions"
version = "4.7.1"
description = "Backported and Experimental Type Hints for Python 3.7+"
category = "main"
optional = false
python-versions = ">=3.7"

[[package]]
name = "uvicorn"
version = "0.22.0"
description = "The lightning-fast ASGI server."
category = "main"
optional = true
python-versions = ">=3.7"

[package.dependencies]
click = ">=7.0"
h11 = ">=0.8"

[package.extras]
standard = ["colorama (>=0.4)", "httptools (>=0.5.0)", "python-dotenv (>=0.13)", "pyyaml (>=5.1)", "uvloop (>=0.14.0,!=0.15.0,!=0.15.1)", "watchfiles (>=0.13)", "websockets (>=10.4)"]

[extras]
api = ["uvicorn", "fastapi", "pypdf"]

[metadata]
lock-version = "1.1"
python-versions = "^3.9"
content-hash = "e914d9dc04ecae98945f7f6ebddcb8aaf3320b6e2f3a183dff3d5fecb3f63998"

[metadata.files]
annotated-types = [
    {file = "annotated_types-0.5.0-py3-none-any.whl", hash = "sha256:58da39888f92c276ad970249761ebea80ba544b77acddaa1a4d6cf78287d45fd"},
    {file = "annotated_types-0.5.0.tar.gz", hash = "sha256:47cdc3490d9ac1506ce92c7aaa76c579dc3509ff11e098fc867e5130ab7be802"},
]
anyio = [
    {file = "anyio-3.7.1-py3-none-any.whl", hash = "sha256:91dee416e570e92c64041bd18b900d1d6fa78dff7048769ce5ac5ddad004fbb5"},
    {file = "anyio-3.7.1.tar.gz", hash = "sha256:44a3c9aba0f5defa43261a8b3efb97891f2bd7d804e0e1f56419befa1adfc780"},
]
async-timeout = [
    {file = "async-timeout-4.0.2.tar.gz", hash = "sha256:2163e1640ddb52b7a8c80d0a67a08587e5d245cc9c553a74a847056bc2976b15"},
    {file = "async_timeout-4.0.2-py3-none-any.whl", hash = "sha256:8ca1e4fcf50d07413d66d1a5e416e42cfdf5851c981d679a09851a6853383b3c"},
]
click = [
    {file = "click-8.1.4-py3-none-any.whl", hash = "sha256:2739815aaa5d2c986a88f1e9230c55e17f0caad3d958a5e13ad0797c166db9e3"},
    {file = "click-8.1.4.tar.gz", hash = "sha256:b97d0c74955da062a7d4ef92fadb583806a585b2ea81958a81bd72726cbb8e37"},
]
colorama = [
    {file = "colorama-0.4.6-py2.py3-none-any.whl", hash = "sha256:4f1d9991f5acc0ca119f9d443620b77f9d6b33703e51011c16baf57afb285fc6"},
    {file = "colorama-0.4.6.tar.gz", hash = "sha256:08695f5cb7ed6e0531a20572697297273c47b8cae5a63ffc6d6ed5c201be6e44"},
]
exceptiongroup = [
    {file = "exceptiongroup-1.1.2-py3-none-any.whl", hash = "sha256:e346e69d186172ca7cf029c8c1d16235aa0e04035e5750b4b95039e65204328f"},
    {file = "exceptiongroup-1.1.2.tar.gz", hash = "sha256:12c3e887d6485d16943a309616de20ae5582633e0a2eda17f4e10fd61c1e8af5"},
]
fastapi = [
    {file = "fastapi-0.100.0-py3-none-any.whl", hash = "sha256:271662daf986da8fa98dc2b7c7f61c4abdfdccfb4786d79ed8b2878f172c6d5f"},
    {file = "fastapi-0.100.0.tar.gz", hash = "sha256:acb5f941ea8215663283c10018323ba7ea737c571b67fc7e88e9469c7eb1d12e"},
]
h11 = [
    {file = "h11-0.14.0-py3-none-any.whl", hash = "sha256:e3fe4ac4b851c468cc8363d500db52c2ead036020723024a109d37346efaa761"},
    {file = "h11-0.14.0.tar.gz", hash = "sha256:8f19fbbe99e72420ff35c00b27a34cb9937e902a8b810e2c88300c6f0a3b699d"},
]
idna = [
    {file = "idna-3.4-py3-none-any.whl", hash = "sha256:90b77e79eaa3eba6de819a0c442c0b4ceefc341a7a2ab77d7562bf49f425c5c2"},
    {file = "idna-3.4.tar.gz", hash = "sha256:814f528e8dead7d329833b91c5faa87d60bf71824cd12a7530b5526063d02cb4"},
]
pydantic = [
    {file = "pydantic-2.0.2-py3-none-any.whl", hash = "sha256:f5581e0c79b2ec2fa25a9d30d766629811cdda022107fa73d022ab5578873ae3"},
    {file = "pydantic-2.0.2.tar.gz", hash = "sha256:b802f5245b8576315fe619e5989fd083448fa1258638ef9dac301ca60878396d"},
]
pydantic-core = [
    {file = "pydantic_core-2.1.2-cp310-cp310-macosx_10_7_x86_64.whl", hash = "sha256:b4815720c266e832b20e27a7a5f3772bb09fdedb31a9a34bab7b49d98967ef5a"},
    {file = "pydantic_core-2.1.2-cp310-cp310-macosx_11_0_arm64.whl", hash = "sha256:8884a1dbfc5cb8c54b48446ca916d4577c1f4d901126091e4ab25d00194e065f"},
    {file = "pydantic_core-2.1.2-cp310-cp310-manylinux_2_17_aarch64.manylinux2014_aarch64.whl", hash = "sha256:74a33aa69d476773230396396afb8e11908f8dafdcfd422e746770599a3f889d"},
    {file = "pydantic_core-2.1.2-cp310-cp310-manylinux_2_17_x86_64.manylinux2014_x86_64.whl", hash = "sha256:af832edd384755826e494ffdcf1fdda86e4babc42a0b18d342943fb18181040e"},
    {file = "pydantic_core-2.1.2-cp310-cp310-manylinux_2_24_armv7l.whl", hash = "sha256:017700236ea2e7afbef5d3803559c80bd8720306778ebd49268de7ce9972e83e"},
    {file = "pydantic_core-2.1.2-cp310-cp310-manylinux_2_24_ppc64le.whl", hash = "sha256:c2d00a96fdf26295c6f25eaf9e4a233f353146a73713cd97a5f5dc6090c3aef2"},
    {file = "pydantic_core-2.1.2-cp310-cp310-manylinux_2_24_s390x.whl", hash = "sha256:2575664f0a559a7b951a518f6f34c23cab7190f34f8220b8c8218c4f403147ee"},
    {file = "pydantic_core-2.1.2-cp310-cp310-manylinux_2_5_i686.manylinux1_i686.whl", hash = "sha256:24c3c9180a2d19d640bacc2d00f497a9a1f2abadb2a9ee201b56bb03bc5343bd"},
    {file = "pydantic_core-2.1.2-cp310-cp310-musllinux_1_1_aarch64.whl", hash = "sha256:88a56f0f6d020b4d17641f4b4d1f9540a536d4146768d059c430e97bdb485fc1"},
    {file = "pydantic_core-2.1.2-cp310-cp310-musllinux_1_1_x86_64.whl", hash = "sha256:fa38a76e832743866aed6b715869757074b06357d1a260163ec26d84974245fe"},
    {file = "pydantic_core-2.1.2-cp310-none-win32.whl", hash = "sha256:a772c652603855d7180015849d483a1f539351a263bb9b81bfe85193a33ce124"},
    {file = "pydantic_core-2.1.2-cp310-none-win_amd64.whl", hash = "sha256:b4673d1f29487608d613ebcc5caa99ba15eb58450a7449fb6d800f29d90bebc1"},
    {file = "pydantic_core-2.1.2-cp311-cp311-macosx_10_7_x86_64.whl", hash = "sha256:76c9c55462740d728b344e3a087775846516c3fee31ec56e2075faa7cfcafcbf"},
    {file = "pydantic_core-2.1.2-cp311-cp311-macosx_11_0_arm64.whl", hash = "sha256:cb854ec52e6e2e05b83d647695f4d913452fdd45a3dfa8233d7dab5967b3908f"},
    {file = "pydantic_core-2.1.2-cp311-cp311-manylinux_2_17_aarch64.manylinux2014_aarch64.whl", hash = "sha256:4ac140d54da366672f6b91f9a1e8e2d4e7e72720143353501ae886d3fca03272"},
    {file = "pydantic_core-2.1.2-cp311-cp311-manylinux_2_17_x86_64.manylinux2014_x86_64.whl", hash = "sha256:818f5cb1b209ab1295087c45717178f4bbbd2bd7eda421f7a119e7b9b736a3cb"},
    {file = "pydantic_core-2.1.2-cp311-cp311-manylinux_2_24_armv7l.whl", hash = "sha256:db4564aea8b3cb6cf1e5f3fd80f1ced73a255d492396d1bd8abd688795b34d63"},
    {file = "pydantic_core-2.1.2-cp311-cp311-manylinux_2_24_ppc64le.whl", hash = "sha256:2ca2d2d5ab65fb40dd05259965006edcc62a9d9b30102737c0a6f45bcbd254e8"},
    {file = "pydantic_core-2.1.2-cp311-cp311-manylinux_2_24_s390x.whl", hash = "sha256:7c7ad8958aadfbcd664078002246796ecd5566b64b22f6af4fd1bbcec6bf8f60"},
    {file = "pydantic_core-2.1.2-cp311-cp311-manylinux_2_5_i686.manylinux1_i686.whl", hash = "sha256:080a7af828388284a68ad7d3d3eac3bcfff6a580292849aff087e7d556ec42d4"},
    {file = "pydantic_core-2.1.2-cp311-cp311-musllinux_1_1_aarch64.whl", hash = "sha256:bad7029fb2251c1ac7d3acdd607e540d40d137a7d43a5e5acdcfdbd38db3fc0a"},
    {file = "pydantic_core-2.1.2-cp311-cp311-musllinux_1_1_x86_64.whl", hash = "sha256:1635a37137fafbc6ee0a8c879857e05b30b1aabaa927e653872b71f1501b1502"},
    {file = "pydantic_core-2.1.2-cp311-none-win32.whl", hash = "sha256:eb4301f009a44bb5db5edfe4e51a8175a4112b566baec07f4af8b1f8cb4649a2"},
    {file = "pydantic_core-2.1.2-cp311-none-win_amd64.whl", hash = "sha256:ebf583f4d9b52abd15cc59e5f6eeca7e3e9741c6ea62d8711c00ac3acb067875"},
    {file = "pydantic_core-2.1.2-cp312-cp312-macosx_10_7_x86_64.whl", hash = "sha256:90b06bb47e60173d24c7cb79670aa8dd6081797290353b9d3c66d3a23e88eb34"},
    {file = "pydantic_core-2.1.2-cp312-cp312-macosx_11_0_arm64.whl", hash = "sha256:0e5761ce986ec709897b1b965fad9743f301500434bea3cbab2b6e662571580f"},
    {file = "pydantic_core-2.1.2-cp312-cp312-manylinux_2_17_aarch64.manylinux2014_aarch64.whl", hash = "sha256:9b9f8bf1d7008a58fbb6eb334dc6e2f2905400cced8dadb46c4ca28f005a8562"},
    {file = "pydantic_core-2.1.2-cp312-cp312-manylinux_2_17_x86_64.manylinux2014_x86_64.whl", hash = "sha256:5a014ee88980013d192a718cbb88e8cea20acd3afad69bc6d15672d05a49cdb6"},
    {file = "pydantic_core-2.1.2-cp312-cp312-manylinux_2_24_armv7l.whl", hash = "sha256:8125152b03dd91deca5afe5b933a1994b39405adf6be2fe8dce3632319283f85"},
    {file = "pydantic_core-2.1.2-cp312-cp312-manylinux_2_24_ppc64le.whl", hash = "sha256:dc737506b4a0ba2922a2626fc6d620ce50a46aebd0fe2fbcad1b93bbdd8c7e78"},
    {file = "pydantic_core-2.1.2-cp312-cp312-manylinux_2_24_s390x.whl", hash = "sha256:bb471ea8650796060afc99909d9b75da583d317e52f660faf64c45f70b3bf1e2"},
    {file = "pydantic_core-2.1.2-cp312-cp312-manylinux_2_5_i686.manylinux1_i686.whl", hash = "sha256:b1fad38db1744d27061df516e59c5025b09b0a50a337c04e6eebdbddc18951bc"},
    {file = "pydantic_core-2.1.2-cp312-cp312-musllinux_1_1_aarch64.whl", hash = "sha256:94d368af9e6563de6e7170a74710a2cbace7a1e9c8e507d9e3ac34c7065d7ae3"},
    {file = "pydantic_core-2.1.2-cp312-cp312-musllinux_1_1_x86_64.whl", hash = "sha256:bd95d223de5162811a7b36c73d48eac4fee03b075132f3a1b73c132ce157a60c"},
    {file = "pydantic_core-2.1.2-cp312-none-win32.whl", hash = "sha256:cd62f73830d4715bc643ae39de0bd4fb9c81d6d743530074da91e77a2cccfe67"},
    {file = "pydantic_core-2.1.2-cp312-none-win_amd64.whl", hash = "sha256:51968887d6bd1eaa7fc7759701ea8ccb470c04654beaa8ede6835b0533f206a9"},
    {file = "pydantic_core-2.1.2-cp37-cp37m-macosx_10_7_x86_64.whl", hash = "sha256:7ff6bfe63f447a509ed4d368a7f4ba6a7abc03bc4744fc3fb30f2ffab73f3821"},
    {file = "pydantic_core-2.1.2-cp37-cp37m-macosx_11_0_arm64.whl", hash = "sha256:4e67f9b9dfda2e42b39459cbf99d319ccb90da151e35cead3521975b2afbf673"},
    {file = "pydantic_core-2.1.2-cp37-cp37m-manylinux_2_17_aarch64.manylinux2014_aarch64.whl", hash = "sha256:b815a769b019dd96be6571096f246b74f63330547e9b30244c51b4a2eb0277fc"},
    {file = "pydantic_core-2.1.2-cp37-cp37m-manylinux_2_17_x86_64.manylinux2014_x86_64.whl", hash = "sha256:4aff436c23c68449601b3fba7075b4f37ef8fbb893c8c1ed3ef898f090332b1e"},
    {file = "pydantic_core-2.1.2-cp37-cp37m-manylinux_2_24_armv7l.whl", hash = "sha256:2ee3ae58f271851362f6c9b33e4c9f9e866557ec7d8c03dc091e9b5aa5566cec"},
    {file = "pydantic_core-2.1.2-cp37-cp37m-manylinux_2_24_ppc64le.whl", hash = "sha256:cf92dccca8f66e987f6c4378700447f82b79e86407912ab1ee06b16b82f05120"},
    {file = "pydantic_core-2.1.2-cp37-cp37m-manylinux_2_24_s390x.whl", hash = "sha256:4663293a36a851a860b1299c50837914269fca127434911297dd39fea9667a01"},
    {file = "pydantic_core-2.1.2-cp37-cp37m-manylinux_2_5_i686.manylinux1_i686.whl", hash = "sha256:1c917f7a41d9d09b8b024a5d65cf37e5588ccdb6e610d2df565fb7186b1f3b1c"},
    {file = "pydantic_core-2.1.2-cp37-cp37m-musllinux_1_1_aarch64.whl", hash = "sha256:06ae67547251135a1b3f8dd465797b13146295a3866bc12ddd73f7512787bb7c"},
    {file = "pydantic_core-2.1.2-cp37-cp37m-musllinux_1_1_x86_64.whl", hash = "sha256:4938b32c09dbcecbeb652327cb4a449b1ef1a1bf6c8fc2c8241aa6b8f6d63b54"},
    {file = "pydantic_core-2.1.2-cp37-none-win32.whl", hash = "sha256:682ff9228c838018c47dfa89b3d84cca45f88cacde28807ab8296ec221862af4"},
    {file = "pydantic_core-2.1.2-cp37-none-win_amd64.whl", hash = "sha256:6e3bcb4a9bc209a61ea2aceb7433ce2ece32c7e670b0c06848bf870c9b3e7d87"},
    {file = "pydantic_core-2.1.2-cp38-cp38-macosx_10_7_x86_64.whl", hash = "sha256:2278ca0b0dfbcfb1e12fa58570916dc260dc72bee5e6e342debf5329d8204688"},
    {file = "pydantic_core-2.1.2-cp38-cp38-macosx_11_0_arm64.whl", hash = "sha256:87cff210af3258ca0c829e3ebc849d7981bfde23a99d6cb7a3c17a163b3dbad2"},
    {file = "pydantic_core-2.1.2-cp38-cp38-manylinux_2_17_aarch64.manylinux2014_aarch64.whl", hash = "sha256:7684b5fb906b37e940c5df3f57118f32e033af5e4770e5ae2ae56fbd2fe1a30a"},
    {file = "pydantic_core-2.1.2-cp38-cp38-manylinux_2_17_x86_64.manylinux2014_x86_64.whl", hash = "sha256:3747a4178139ebf3f19541285b2eb7c886890ca4eb7eec851578c02a13cc1385"},
    {file = "pydantic_core-2.1.2-cp38-cp38-manylinux_2_24_armv7l.whl", hash = "sha256:e17056390068afd4583d88dcf4d4495764e4e2c7d756464468e0d21abcb8931e"},
    {file = "pydantic_core-2.1.2-cp38-cp38-manylinux_2_24_ppc64le.whl", hash = "sha256:c720e55cef609d50418bdfdfb5c44a76efc020ae7455505788d0113c54c7df55"},
    {file = "pydantic_core-2.1.2-cp38-cp38-manylinux_2_24_s390x.whl", hash = "sha256:b59a64c367f350873c40a126ffe9184d903d2126c701380b4b55753484df5948"},
    {file = "pydantic_core-2.1.2-cp38-cp38-manylinux_2_5_i686.manylinux1_i686.whl", hash = "sha256:68a2a767953c707d9575dcf14d8edee7930527ee0141a8bb612c22d1f1059f9a"},
    {file = "pydantic_core-2.1.2-cp38-cp38-musllinux_1_1_aarch64.whl", hash = "sha256:a4ae46769d9a7138d58cd190441cac14ce954010a0081f28462ed916c8e55a4f"},
    {file = "pydantic_core-2.1.2-cp38-cp38-musllinux_1_1_x86_64.whl", hash = "sha256:fc909f62325a631e1401dd07dfc386986dbcac15f98c9ff2145d930678a9d25a"},
    {file = "pydantic_core-2.1.2-cp38-none-win32.whl", hash = "sha256:b4038869ba1d8fa33863b4b1286ab07e6075a641ae269b865f94d7e10b3e800e"},
    {file = "pydantic_core-2.1.2-cp38-none-win_amd64.whl", hash = "sha256:5948af62f323252d56acaec8ebfca5f15933f6b72f8dbe3bf21ee97b2d10e3f0"},
    {file = "pydantic_core-2.1.2-cp39-cp39-macosx_10_7_x86_64.whl", hash = "sha256:8e6ce261ccb9a986953c4dce070327e4954f9dd4cd214746dfc70efbc713b6a1"},
    {file = "pydantic_core-2.1.2-cp39-cp39-macosx_11_0_arm64.whl", hash = "sha256:d35d634d9d1ed280c87bc2a7a6217b8787eedc86f368fc2fa1c0c8c78f7d3c93"},
    {file = "pydantic_core-2.1.2-cp39-cp39-manylinux_2_17_aarch64.manylinux2014_aarch64.whl", hash = "sha256:0be2e2812a43205728a06c9d0fd090432cd76a9bb5bff2bfcfdf8b0e27d51851"},
    {file = "pydantic_core-2.1.2-cp39-cp39-manylinux_2_17_x86_64.manylinux2014_x86_64.whl", hash = "sha256:f0eb54b11cd4fe0c6404611eef77086ade03eb1457e92910bbb4f3479efa3f79"},
    {file = "pydantic_core-2.1.2-cp39-cp39-manylinux_2_24_armv7l.whl", hash = "sha256:087ddbb754575618a8832ee4ab52fe7eb332f502e2a56088b53dbeb5c4efdf9f"},
    {file = "pydantic_core-2.1.2-cp39-cp39-manylinux_2_24_ppc64le.whl", hash = "sha256:b74906e01c7fc938ac889588ef438de812989817095c3c4904721f647d64a4d1"},
    {file = "pydantic_core-2.1.2-cp39-cp39-manylinux_2_24_s390x.whl", hash = "sha256:60b7239206a2f61ad89c7518adfacb3ccd6662eaa07c5e437317aea2615a1f18"},
    {file = "pydantic_core-2.1.2-cp39-cp39-manylinux_2_5_i686.manylinux1_i686.whl", hash = "sha256:be3419204952bbe9b72b90008977379c52f99ae1c6e640488de4be783c345d71"},
    {file = "pydantic_core-2.1.2-cp39-cp39-musllinux_1_1_aarch64.whl", hash = "sha256:804cf8f6a859620f8eb754c02f7770f61c3e9c519f8338c331d555b3d6976e3c"},
    {file = "pydantic_core-2.1.2-cp39-cp39-musllinux_1_1_x86_64.whl", hash = "sha256:cbba32fb14e199d0493c6b9c44870dab0a9c37af9f0f729068459d1849279ffd"},
    {file = "pydantic_core-2.1.2-cp39-none-win32.whl", hash = "sha256:6bf00f56a4468f5b03dadb672a5f1d24aea303d4ccffe8a0f548c9e36017edd3"},
    {file = "pydantic_core-2.1.2-cp39-none-win_amd64.whl", hash = "sha256:ac462a28218ea7d592c7ad51b517558f4ac6565a4e53db7a4811eeaf9c9660b0"},
    {file = "pydantic_core-2.1.2-pp310-pypy310_pp73-macosx_10_7_x86_64.whl", hash = "sha256:047e782b9918f35ef534ced36f1fd2064f5581229b7a15e4d3177387a6b53134"},
    {file = "pydantic_core-2.1.2-pp310-pypy310_pp73-manylinux_2_17_aarch64.manylinux2014_aarch64.whl", hash = "sha256:8c0213891898fa5b404cf3edf4797e3ac7819a0708ea5473fc6432a2aa27c189"},
    {file = "pydantic_core-2.1.2-pp310-pypy310_pp73-manylinux_2_17_x86_64.manylinux2014_x86_64.whl", hash = "sha256:c0f481aaf0119f77b200e5a5e2799b3e14c015a317eaa948f42263908735cc9f"},
    {file = "pydantic_core-2.1.2-pp310-pypy310_pp73-manylinux_2_5_i686.manylinux1_i686.whl", hash = "sha256:15eb4cb543ed36f6a4f16e3bee7aa7ed1c3757be95a3f3bbb2b82b9887131e0f"},
    {file = "pydantic_core-2.1.2-pp310-pypy310_pp73-musllinux_1_1_aarch64.whl", hash = "sha256:ef71e73a81a4cd7e87c93e8ff0170140fd93ba33b0f61e83da3f55f6e0a84fb4"},
    {file = "pydantic_core-2.1.2-pp310-pypy310_pp73-musllinux_1_1_x86_64.whl", hash = "sha256:840238c845b0f80777151fef0003088ab91c6f7b3467edaff4932b425c4e3c3f"},
    {file = "pydantic_core-2.1.2-pp310-pypy310_pp73-win_amd64.whl", hash = "sha256:7648e48ba263ca0a8a2dc55a60a219c9133fb101ba52c89a14a29fb3d4322ca3"},
    {file = "pydantic_core-2.1.2-pp37-pypy37_pp73-macosx_10_7_x86_64.whl", hash = "sha256:8eb4e2b71562375609c66a79f89acd4fe95c5cba23473d04952c8b14b6f908f5"},
    {file = "pydantic_core-2.1.2-pp37-pypy37_pp73-manylinux_2_17_aarch64.manylinux2014_aarch64.whl", hash = "sha256:5056afea59651c4e47ec6dadbb77ccae4742c059a3d12bc1c0e393d189d2970d"},
    {file = "pydantic_core-2.1.2-pp37-pypy37_pp73-manylinux_2_17_x86_64.manylinux2014_x86_64.whl", hash = "sha256:46cd323371aa7e4053010ccdb94063a4273aa9e5dbe97f8a1147faa769de8d8d"},
    {file = "pydantic_core-2.1.2-pp37-pypy37_pp73-manylinux_2_5_i686.manylinux1_i686.whl", hash = "sha256:aa39499625239da4ec960cf4fc66b023929b24cc77fb8520289cfdb3c1986428"},
    {file = "pydantic_core-2.1.2-pp37-pypy37_pp73-musllinux_1_1_aarch64.whl", hash = "sha256:f5de2d4167fd4bc5ad205fb7297e25867b8e335ca08d64ed7a561d2955a2c32d"},
    {file = "pydantic_core-2.1.2-pp37-pypy37_pp73-musllinux_1_1_x86_64.whl", hash = "sha256:9a5fba9168fc27805553760fa8198db46eef83bf52b4e87ebbe1333b823d0e70"},
    {file = "pydantic_core-2.1.2-pp37-pypy37_pp73-win_amd64.whl", hash = "sha256:e68a404fad8493989d6f07b7b9e066f1d2524d7cb64db2d4e9a84c920032c67f"},
    {file = "pydantic_core-2.1.2-pp38-pypy38_pp73-macosx_10_7_x86_64.whl", hash = "sha256:1a5c4475510d1a9cc1458a26cfc21442223e52ce9adb640775c38739315d03c7"},
    {file = "pydantic_core-2.1.2-pp38-pypy38_pp73-manylinux_2_17_aarch64.manylinux2014_aarch64.whl", hash = "sha256:0681472245ef182554208a25d16884c84f1c5a69f14e6169b88932e5da739a1c"},
    {file = "pydantic_core-2.1.2-pp38-pypy38_pp73-manylinux_2_17_x86_64.manylinux2014_x86_64.whl", hash = "sha256:e7fd334b40c5e13a97becfcaba314de0dcc6f7fe21ec8f992139bcc64700e9dc"},
    {file = "pydantic_core-2.1.2-pp38-pypy38_pp73-manylinux_2_5_i686.manylinux1_i686.whl", hash = "sha256:7345b1741bf66a9d8ed0ec291c3eabd534444e139e1ea6db5742ac9fd3be2530"},
    {file = "pydantic_core-2.1.2-pp38-pypy38_pp73-musllinux_1_1_aarch64.whl", hash = "sha256:0855cf8b760fb40f97f0226cb527c8a94a2ab9d8179628beae20d6939aaeacb0"},
    {file = "pydantic_core-2.1.2-pp38-pypy38_pp73-musllinux_1_1_x86_64.whl", hash = "sha256:d281a10837d98db997c0247f45d138522c91ce30cf3ae7a6afdb5e709707d360"},
    {file = "pydantic_core-2.1.2-pp38-pypy38_pp73-win_amd64.whl", hash = "sha256:82e09f27edab289187dd924d4d93f2a35f21aa969699b2504aa643da7fbfeff9"},
    {file = "pydantic_core-2.1.2-pp39-pypy39_pp73-macosx_10_7_x86_64.whl", hash = "sha256:aa54902fa51f7d921ba80923cf1c7ff3dce796a7903300bd8824deb90e357744"},
    {file = "pydantic_core-2.1.2-pp39-pypy39_pp73-manylinux_2_17_aarch64.manylinux2014_aarch64.whl", hash = "sha256:8b9a5fc4058d64c9c826684dcdb43891c1b474a4a88dcf8dfc3e1fb5889496f8"},
    {file = "pydantic_core-2.1.2-pp39-pypy39_pp73-manylinux_2_17_x86_64.manylinux2014_x86_64.whl", hash = "sha256:817681d111cb65f07d46496eafec815f48e1aff37713b73135a0a9eb4d3610ab"},
    {file = "pydantic_core-2.1.2-pp39-pypy39_pp73-manylinux_2_5_i686.manylinux1_i686.whl", hash = "sha256:0b5d37aedea5963f2097bddbcdb255483191646a52d40d8bb66d61c190fcac91"},
    {file = "pydantic_core-2.1.2-pp39-pypy39_pp73-musllinux_1_1_aarch64.whl", hash = "sha256:f2de65752fff248319bcd3b29da24e205fa505607539fcd4acc4037355175b63"},
    {file = "pydantic_core-2.1.2-pp39-pypy39_pp73-musllinux_1_1_x86_64.whl", hash = "sha256:a8b9c2cc4c5f8169b943d24be4bd1548fe81c016d704126e3a3124a2fc164885"},
    {file = "pydantic_core-2.1.2-pp39-pypy39_pp73-win_amd64.whl", hash = "sha256:f7bcdf70c8b6e70be11c78d3c00b80a24cccfb408128f23e91ec3019bed1ecc1"},
    {file = "pydantic_core-2.1.2.tar.gz", hash = "sha256:d2c790f0d928b672484eac4f5696dd0b78f3d6d148a641ea196eb49c0875e30a"},
]
pypdf = [
    {file = "pypdf-3.12.1-py3-none-any.whl", hash = "sha256:74aa287c83e9aad2ce4a3627458dad729e39b5deae52175fe9f97bfffdde41bc"},
    {file = "pypdf-3.12.1.tar.gz", hash = "sha256:68bf9e089caaab356518410168df9ed90f0a6109e29adac168449d4054fa0094"},
]
python-multipart = [
    {file = "python_multipart-0.0.6-py3-none-any.whl", hash = "sha256:ee698bab5ef148b0a760751c261902cd096e57e10558e11aca17646b74ee1c18"},
    {file = "python_multipart-0.0.6.tar.gz", hash = "sha256:e9925a80bb668529f1b67c7fdb0a5dacdd7cbfc6fb0bff3ea443fe22bdd62132"},
]
redis = [
    {file = "redis-4.6.0-py3-none-any.whl", hash = "sha256:e2b03db868160ee4591de3cb90d40ebb50a90dd302138775937f6a42b7ed183c"},
    {file = "redis-4.6.0.tar.gz", hash = "sha256:585dc516b9eb042a619ef0a39c3d7d55fe81bdb4df09a52c9cdde0d07bf1aa7d"},
]
rq = [
    {file = "rq-1.15.1-py2.py3-none-any.whl", hash = "sha256:6e243d8d9c4af4686ded4b01b25ea1ff4bac4fc260b02638fbe9c8c17b004bd1"},
    {file = "rq-1.15.1.tar.gz", hash = "sha256:1f49f4ac1a084044bb8e95b3f305c0bf17e55618b08c18e0b60c080f12d6f008"},
]
sniffio = [
    {file = "sniffio-1.3.0-py3-none-any.whl", hash = "sha256:eecefdce1e5bbfb7ad2eeaabf7c1eeb404d7757c379bd1f7e5cce9d8bf425384"},
    {file = "sniffio-1.3.0.tar.gz", hash = "sha256:e60305c5e5d314f5389259b7f22aaa33d8f7dee49763119234af3755c55b9101"},
]
starlette = [
    {file = "starlette-0.27.0-py3-none-any.whl", hash = "sha256:918416370e846586541235ccd38a474c08b80443ed31c578a418e2209b3eef91"},
    {file = "starlette-0.27.0.tar.gz", hash = "sha256:6a6b0d042acb8d469a01eba54e9cda6cbd24ac602c4cd016723117d6a7e73b75"},
]
typing-extensions = [
    {file = "typing_extensions-4.7.1-py3-none-any.whl", hash = "sha256:440d5dd3af93b060174bf433bccd69b0babc3b15b1a8dca43789fd7f61514b36"},
    {file = "typing_extensions-4.7.1.tar.gz", hash = "sha256:b75ddc264f0ba5615db7ba217daeb99701ad295353c45f9e95963337ceeeffb2"},
]
uvicorn = [
    {file = "uvicorn-0.22.0-py3-none-any.whl", hash = "sha256:e9434d3bbf05f310e762147f769c9f21235ee118ba2d2bf1155a7196448bd996"},
    {file = "uvicorn-0.22.0.tar.gz", hash = "sha256:79277ae03db57ce7d9aa0567830bbb51d7a612f54d6e1e3e92da3ef24c2c8ed8"},
]
